uuid: 1ab21fd9-c67c-4c1d-abdb-8ace9b4ff7b7
langcode: en-gb
status: true
dependencies:
  content:
    - 'block_content:contact:1fb2b43b-1a11-4f8d-a87f-0ab855c166dd'
  module:
    - block_content
  theme:
    - environs
id: environs_phoneblock
theme: environs
region: contact
weight: -8
provider: null
plugin: 'block_content:1fb2b43b-1a11-4f8d-a87f-0ab855c166dd'
settings:
  id: 'block_content:1fb2b43b-1a11-4f8d-a87f-0ab855c166dd'
  label: 'Phone Block'
  label_display: '0'
  provider: block_content
  status: true
  info: ''
  view_mode: full
visibility: {  }
