uuid: 852005c2-3342-42bf-9591-f31740cb3cb3
langcode: en-gb
status: true
dependencies:
  content:
    - 'block_content:about_us:a31a7835-8076-4a72-8f9f-70cab306cc29'
  module:
    - block_content
  theme:
    - environs
id: environs_aboutusblock
theme: environs
region: content
weight: -11
provider: null
plugin: 'block_content:a31a7835-8076-4a72-8f9f-70cab306cc29'
settings:
  id: 'block_content:a31a7835-8076-4a72-8f9f-70cab306cc29'
  label: 'About us block'
  label_display: '0'
  provider: block_content
  status: true
  info: ''
  view_mode: full
visibility: {  }
