uuid: 92197a7c-cf6c-4b6f-8ead-f5c15ca9f6cc
langcode: en-gb
status: false
dependencies:
  content:
    - 'block_content:contact_bundle:765be306-bfdf-431b-a0ee-572e6e8dd0e3'
  module:
    - block_content
  theme:
    - environs
id: environs_topemailandphoneblock
theme: environs
region: top
weight: -7
provider: null
plugin: 'block_content:765be306-bfdf-431b-a0ee-572e6e8dd0e3'
settings:
  id: 'block_content:765be306-bfdf-431b-a0ee-572e6e8dd0e3'
  label: 'Top Email and Phone Block'
  label_display: visible
  provider: block_content
  status: true
  info: ''
  view_mode: full
visibility: {  }
