uuid: 6703213f-793a-4760-9c8d-2a84f8b4d134
langcode: en-gb
status: true
dependencies:
  content:
    - 'block_content:contact:26028db7-2b75-453f-a983-528ec99f172d'
  module:
    - block_content
  theme:
    - environs
id: environs_emailblock
theme: environs
region: contact
weight: -9
provider: null
plugin: 'block_content:26028db7-2b75-453f-a983-528ec99f172d'
settings:
  id: 'block_content:26028db7-2b75-453f-a983-528ec99f172d'
  label: 'Email Block'
  label_display: '0'
  provider: block_content
  status: true
  info: ''
  view_mode: full
visibility: {  }
